
Microsoft Visual Studio Solution File, Format Version 12.00
# Visual Studio Version 16
VisualStudioVersion = 16.0.28803.202
MinimumVisualStudioVersion = 10.0.40219.1
Project("{FAE04EC0-301F-11D3-BF4B-00C04F79EFBC}") = "WFA_topSektirme", "WFA_topSektirme\WFA_topSektirme.csproj", "{A3D81D84-271C-4C02-A6F0-DD928F7763BA}"
EndProject
Global
	GlobalSection(SolutionConfigurationPlatforms) = preSolution
		Debug|Any CPU = Debug|Any CPU
		Release|Any CPU = Release|Any CPU
	EndGlobalSection
	GlobalSection(ProjectConfigurationPlatforms) = postSolution
		{A3D81D84-271C-4C02-A6F0-DD928F7763BA}.Debug|Any CPU.ActiveCfg = Debug|Any CPU
		{A3D81D84-271C-4C02-A6F0-DD928F7763BA}.Debug|Any CPU.Build.0 = Debug|Any CPU
		{A3D81D84-271C-4C02-A6F0-DD928F7763BA}.Release|Any CPU.ActiveCfg = Release|Any CPU
		{A3D81D84-271C-4C02-A6F0-DD928F7763BA}.Release|Any CPU.Build.0 = Release|Any CPU
	EndGlobalSection
	GlobalSection(SolutionProperties) = preSolution
		HideSolutionNode = FALSE
	EndGlobalSection
	GlobalSection(ExtensibilityGlobals) = postSolution
		SolutionGuid = {7C7248DB-B344-42EB-AE16-BF8D5066D07D}
	EndGlobalSection
EndGlobal
